
Microsoft Visual Studio Solution File, Format Version 12.00
# Visual Studio Version 17
VisualStudioVersion = 17.0.31903.59
MinimumVisualStudioVersion = 10.0.40219.1
Project("{FAE04EC0-301F-11D3-BF4B-00C04F79EFBC}") = "MenuManagement.Domain", "MenuManagement.Domain\MenuManagement.Domain.csproj", "{9A31E3BE-12AF-4B6B-8ACD-3F4328D02D0B}"
EndProject
Project("{FAE04EC0-301F-11D3-BF4B-00C04F79EFBC}") = "MenuManagement.Application", "MenuManagement.Application\MenuManagement.Application.csproj", "{22068A88-59DE-4153-A9E2-E61693D168C8}"
EndProject
Project("{FAE04EC0-301F-11D3-BF4B-00C04F79EFBC}") = "MenuManagement.Infrastructure", "MenuManagement.Infrastructure\MenuManagement.Infrastructure.csproj", "{07D1C4DD-459A-420D-BEDA-2A2A33253BF6}"
EndProject
Project("{FAE04EC0-301F-11D3-BF4B-00C04F79EFBC}") = "MenuManagement.Persistence", "MenuManagement.Persistence\MenuManagement.Persistence.csproj", "{9B00AB16-395B-4B5B-8C01-16DB3CFFE99D}"
EndProject
Project("{FAE04EC0-301F-11D3-BF4B-00C04F79EFBC}") = "MenuManagement.API", "MenuManagement.API\MenuManagement.API.csproj", "{3B791EFE-0BF4-4640-9CD6-57329B29CEB9}"
EndProject
Global
	GlobalSection(SolutionConfigurationPlatforms) = preSolution
		Debug|Any CPU = Debug|Any CPU
		Debug|x64 = Debug|x64
		Debug|x86 = Debug|x86
		Release|Any CPU = Release|Any CPU
		Release|x64 = Release|x64
		Release|x86 = Release|x86
	EndGlobalSection
	GlobalSection(ProjectConfigurationPlatforms) = postSolution
		{9A31E3BE-12AF-4B6B-8ACD-3F4328D02D0B}.Debug|Any CPU.ActiveCfg = Debug|Any CPU
		{9A31E3BE-12AF-4B6B-8ACD-3F4328D02D0B}.Debug|Any CPU.Build.0 = Debug|Any CPU
		{9A31E3BE-12AF-4B6B-8ACD-3F4328D02D0B}.Debug|x64.ActiveCfg = Debug|Any CPU
		{9A31E3BE-12AF-4B6B-8ACD-3F4328D02D0B}.Debug|x64.Build.0 = Debug|Any CPU
		{9A31E3BE-12AF-4B6B-8ACD-3F4328D02D0B}.Debug|x86.ActiveCfg = Debug|Any CPU
		{9A31E3BE-12AF-4B6B-8ACD-3F4328D02D0B}.Debug|x86.Build.0 = Debug|Any CPU
		{9A31E3BE-12AF-4B6B-8ACD-3F4328D02D0B}.Release|Any CPU.ActiveCfg = Release|Any CPU
		{9A31E3BE-12AF-4B6B-8ACD-3F4328D02D0B}.Release|Any CPU.Build.0 = Release|Any CPU
		{9A31E3BE-12AF-4B6B-8ACD-3F4328D02D0B}.Release|x64.ActiveCfg = Release|Any CPU
		{9A31E3BE-12AF-4B6B-8ACD-3F4328D02D0B}.Release|x64.Build.0 = Release|Any CPU
		{9A31E3BE-12AF-4B6B-8ACD-3F4328D02D0B}.Release|x86.ActiveCfg = Release|Any CPU
		{9A31E3BE-12AF-4B6B-8ACD-3F4328D02D0B}.Release|x86.Build.0 = Release|Any CPU
		{22068A88-59DE-4153-A9E2-E61693D168C8}.Debug|Any CPU.ActiveCfg = Debug|Any CPU
		{22068A88-59DE-4153-A9E2-E61693D168C8}.Debug|Any CPU.Build.0 = Debug|Any CPU
		{22068A88-59DE-4153-A9E2-E61693D168C8}.Debug|x64.ActiveCfg = Debug|Any CPU
		{22068A88-59DE-4153-A9E2-E61693D168C8}.Debug|x64.Build.0 = Debug|Any CPU
		{22068A88-59DE-4153-A9E2-E61693D168C8}.Debug|x86.ActiveCfg = Debug|Any CPU
		{22068A88-59DE-4153-A9E2-E61693D168C8}.Debug|x86.Build.0 = Debug|Any CPU
		{22068A88-59DE-4153-A9E2-E61693D168C8}.Release|Any CPU.ActiveCfg = Release|Any CPU
		{22068A88-59DE-4153-A9E2-E61693D168C8}.Release|Any CPU.Build.0 = Release|Any CPU
		{22068A88-59DE-4153-A9E2-E61693D168C8}.Release|x64.ActiveCfg = Release|Any CPU
		{22068A88-59DE-4153-A9E2-E61693D168C8}.Release|x64.Build.0 = Release|Any CPU
		{22068A88-59DE-4153-A9E2-E61693D168C8}.Release|x86.ActiveCfg = Release|Any CPU
		{22068A88-59DE-4153-A9E2-E61693D168C8}.Release|x86.Build.0 = Release|Any CPU
		{07D1C4DD-459A-420D-BEDA-2A2A33253BF6}.Debug|Any CPU.ActiveCfg = Debug|Any CPU
		{07D1C4DD-459A-420D-BEDA-2A2A33253BF6}.Debug|Any CPU.Build.0 = Debug|Any CPU
		{07D1C4DD-459A-420D-BEDA-2A2A33253BF6}.Debug|x64.ActiveCfg = Debug|Any CPU
		{07D1C4DD-459A-420D-BEDA-2A2A33253BF6}.Debug|x64.Build.0 = Debug|Any CPU
		{07D1C4DD-459A-420D-BEDA-2A2A33253BF6}.Debug|x86.ActiveCfg = Debug|Any CPU
		{07D1C4DD-459A-420D-BEDA-2A2A33253BF6}.Debug|x86.Build.0 = Debug|Any CPU
		{07D1C4DD-459A-420D-BEDA-2A2A33253BF6}.Release|Any CPU.ActiveCfg = Release|Any CPU
		{07D1C4DD-459A-420D-BEDA-2A2A33253BF6}.Release|Any CPU.Build.0 = Release|Any CPU
		{07D1C4DD-459A-420D-BEDA-2A2A33253BF6}.Release|x64.ActiveCfg = Release|Any CPU
		{07D1C4DD-459A-420D-BEDA-2A2A33253BF6}.Release|x64.Build.0 = Release|Any CPU
		{07D1C4DD-459A-420D-BEDA-2A2A33253BF6}.Release|x86.ActiveCfg = Release|Any CPU
		{07D1C4DD-459A-420D-BEDA-2A2A33253BF6}.Release|x86.Build.0 = Release|Any CPU
		{9B00AB16-395B-4B5B-8C01-16DB3CFFE99D}.Debug|Any CPU.ActiveCfg = Debug|Any CPU
		{9B00AB16-395B-4B5B-8C01-16DB3CFFE99D}.Debug|Any CPU.Build.0 = Debug|Any CPU
		{9B00AB16-395B-4B5B-8C01-16DB3CFFE99D}.Debug|x64.ActiveCfg = Debug|Any CPU
		{9B00AB16-395B-4B5B-8C01-16DB3CFFE99D}.Debug|x64.Build.0 = Debug|Any CPU
		{9B00AB16-395B-4B5B-8C01-16DB3CFFE99D}.Debug|x86.ActiveCfg = Debug|Any CPU
		{9B00AB16-395B-4B5B-8C01-16DB3CFFE99D}.Debug|x86.Build.0 = Debug|Any CPU
		{9B00AB16-395B-4B5B-8C01-16DB3CFFE99D}.Release|Any CPU.ActiveCfg = Release|Any CPU
		{9B00AB16-395B-4B5B-8C01-16DB3CFFE99D}.Release|Any CPU.Build.0 = Release|Any CPU
		{9B00AB16-395B-4B5B-8C01-16DB3CFFE99D}.Release|x64.ActiveCfg = Release|Any CPU
		{9B00AB16-395B-4B5B-8C01-16DB3CFFE99D}.Release|x64.Build.0 = Release|Any CPU
		{9B00AB16-395B-4B5B-8C01-16DB3CFFE99D}.Release|x86.ActiveCfg = Release|Any CPU
		{9B00AB16-395B-4B5B-8C01-16DB3CFFE99D}.Release|x86.Build.0 = Release|Any CPU
		{3B791EFE-0BF4-4640-9CD6-57329B29CEB9}.Debug|Any CPU.ActiveCfg = Debug|Any CPU
		{3B791EFE-0BF4-4640-9CD6-57329B29CEB9}.Debug|Any CPU.Build.0 = Debug|Any CPU
		{3B791EFE-0BF4-4640-9CD6-57329B29CEB9}.Debug|x64.ActiveCfg = Debug|Any CPU
		{3B791EFE-0BF4-4640-9CD6-57329B29CEB9}.Debug|x64.Build.0 = Debug|Any CPU
		{3B791EFE-0BF4-4640-9CD6-57329B29CEB9}.Debug|x86.ActiveCfg = Debug|Any CPU
		{3B791EFE-0BF4-4640-9CD6-57329B29CEB9}.Debug|x86.Build.0 = Debug|Any CPU
		{3B791EFE-0BF4-4640-9CD6-57329B29CEB9}.Release|Any CPU.ActiveCfg = Release|Any CPU
		{3B791EFE-0BF4-4640-9CD6-57329B29CEB9}.Release|Any CPU.Build.0 = Release|Any CPU
		{3B791EFE-0BF4-4640-9CD6-57329B29CEB9}.Release|x64.ActiveCfg = Release|Any CPU
		{3B791EFE-0BF4-4640-9CD6-57329B29CEB9}.Release|x64.Build.0 = Release|Any CPU
		{3B791EFE-0BF4-4640-9CD6-57329B29CEB9}.Release|x86.ActiveCfg = Release|Any CPU
		{3B791EFE-0BF4-4640-9CD6-57329B29CEB9}.Release|x86.Build.0 = Release|Any CPU
	EndGlobalSection
	GlobalSection(SolutionProperties) = preSolution
		HideSolutionNode = FALSE
	EndGlobalSection
EndGlobal
